// !$*UTF8*$!
{
	archiveVersion = 1;
	classes = {
	};
	objectVersion = 56;
	objects = {

/* Begin PBXBuildFile section */
		46B59C912AE6F5B4006FABFA /* AppDelegate.swift in Sources */ = {isa = PBXBuildFile; fileRef = 46B59C902AE6F5B4006FABFA /* AppDelegate.swift */; };
		46B59C932AE6F5B4006FABFA /* SceneDelegate.swift in Sources */ = {isa = PBXBuildFile; fileRef = 46B59C922AE6F5B4006FABFA /* SceneDelegate.swift */; };
		46B59C952AE6F5B4006FABFA /* ViewController.swift in Sources */ = {isa = PBXBuildFile; fileRef = 46B59C942AE6F5B4006FABFA /* ViewController.swift */; };
		46B59C982AE6F5B4006FABFA /* Main.storyboard in Resources */ = {isa = PBXBuildFile; fileRef = 46B59C962AE6F5B4006FABFA /* Main.storyboard */; };
		46B59C9B2AE6F5B4006FABFA /* ThirdProject.xcdatamodeld in Sources */ = {isa = PBXBuildFile; fileRef = 46B59C992AE6F5B4006FABFA /* ThirdProject.xcdatamodeld */; };
		46B59C9D2AE6F5BF006FABFA /* Assets.xcassets in Resources */ = {isa = PBXBuildFile; fileRef = 46B59C9C2AE6F5BF006FABFA /* Assets.xcassets */; };
		46B59CA02AE6F5BF006FABFA /* LaunchScreen.storyboard in Resources */ = {isa = PBXBuildFile; fileRef = 46B59C9E2AE6F5BF006FABFA /* LaunchScreen.storyboard */; };
		46B59CAB2AE6F5C4006FABFA /* ThirdProjectTests.swift in Sources */ = {isa = PBXBuildFile; fileRef = 46B59CAA2AE6F5C4006FABFA /* ThirdProjectTests.swift */; };
		46B59CB52AE6F5C5006FABFA /* ThirdProjectUITests.swift in Sources */ = {isa = PBXBuildFile; fileRef = 46B59CB42AE6F5C5006FABFA /* ThirdProjectUITests.swift */; };
		46B59CB72AE6F5C5006FABFA /* ThirdProjectUITestsLaunchTests.swift in Sources */ = {isa = PBXBuildFile; fileRef = 46B59CB62AE6F5C5006FABFA /* ThirdProjectUITestsLaunchTests.swift */; };
/* End PBXBuildFile section */

/* Begin PBXContainerItemProxy section */
		46B59CA72AE6F5C4006FABFA /* PBXContainerItemProxy */ = {
			isa = PBXContainerItemProxy;
			containerPortal = 46B59C852AE6F5B3006FABFA /* Project object */;
			proxyType = 1;
			remoteGlobalIDString = 46B59C8C2AE6F5B3006FABFA;
			remoteInfo = ThirdProject;
		};
		46B59CB12AE6F5C5006FABFA /* PBXContainerItemProxy */ = {
			isa = PBXContainerItemProxy;
			containerPortal = 46B59C852AE6F5B3006FABFA /* Project object */;
			proxyType = 1;
			remoteGlobalIDString = 46B59C8C2AE6F5B3006FABFA;
			remoteInfo = ThirdProject;
		};
/* End PBXContainerItemProxy section */

/* Begin PBXFileReference section */
		46B59C8D2AE6F5B3006FABFA /* ThirdProject.app */ = {isa = PBXFileReference; explicitFileType = wrapper.application; includeInIndex = 0; path = ThirdProject.app; sourceTree = BUILT_PRODUCTS_DIR; };
		46B59C902AE6F5B4006FABFA /* AppDelegate.swift */ = {isa = PBXFileReference; lastKnownFileType = sourcecode.swift; path = AppDelegate.swift; sourceTree = "<group>"; };
		46B59C922AE6F5B4006FABFA /* SceneDelegate.swift */ = {isa = PBXFileReference; lastKnownFileType = sourcecode.swift; path = SceneDelegate.swift; sourceTree = "<group>"; };
		46B59C942AE6F5B4006FABFA /* ViewController.swift */ = {isa = PBXFileReference; lastKnownFileType = sourcecode.swift; path = ViewController.swift; sourceTree = "<group>"; };
		46B59C972AE6F5B4006FABFA /* Base */ = {isa = PBXFileReference; lastKnownFileType = file.storyboard; name = Base; path = Base.lproj/Main.storyboard; sourceTree = "<group>"; };
		46B59C9A2AE6F5B4006FABFA /* ThirdProject.xcdatamodel */ = {isa = PBXFileReference; lastKnownFileType = wrapper.xcdatamodel; path = ThirdProject.xcdatamodel; sourceTree = "<group>"; };
		46B59C9C2AE6F5BF006FABFA /* Assets.xcassets */ = {isa = PBXFileReference; lastKnownFileType = folder.assetcatalog; path = Assets.xcassets; sourceTree = "<group>"; };
		46B59C9F2AE6F5BF006FABFA /* Base */ = {isa = PBXFileReference; lastKnownFileType = file.storyboard; name = Base; path = Base.lproj/LaunchScreen.storyboard; sourceTree = "<group>"; };
		46B59CA12AE6F5BF006FABFA /* Info.plist */ = {isa = PBXFileReference; lastKnownFileType = text.plist.xml; path = Info.plist; sourceTree = "<group>"; };
		46B59CA62AE6F5C4006FABFA /* ThirdProjectTests.xctest */ = {isa = PBXFileReference; explicitFileType = wrapper.cfbundle; includeInIndex = 0; path = ThirdProjectTests.xctest; sourceTree = BUILT_PRODUCTS_DIR; };
		46B59CAA2AE6F5C4006FABFA /* ThirdProjectTests.swift */ = {isa = PBXFileReference; lastKnownFileType = sourcecode.swift; path = ThirdProjectTests.swift; sourceTree = "<group>"; };
		46B59CB02AE6F5C5006FABFA /* ThirdProjectUITests.xctest */ = {isa = PBXFileReference; explicitFileType = wrapper.cfbundle; includeInIndex = 0; path = ThirdProjectUITests.xctest; sourceTree = BUILT_PRODUCTS_DIR; };
		46B59CB42AE6F5C5006FABFA /* ThirdProjectUITests.swift */ = {isa = PBXFileReference; lastKnownFileType = sourcecode.swift; path = ThirdProjectUITests.swift; sourceTree = "<group>"; };
		46B59CB62AE6F5C5006FABFA /* ThirdProjectUITestsLaunchTests.swift */ = {isa = PBXFileReference; lastKnownFileType = sourcecode.swift; path = ThirdProjectUITestsLaunchTests.swift; sourceTree = "<group>"; };
/* End PBXFileReference section */

/* Begin PBXFrameworksBuildPhase section */
		46B59C8A2AE6F5B3006FABFA /* Frameworks */ = {
			isa = PBXFrameworksBuildPhase;
			buildActionMask = 2147483647;
			files = (
			);
			runOnlyForDeploymentPostprocessing = 0;
		};
		46B59CA32AE6F5C4006FABFA /* Frameworks */ = {
			isa = PBXFrameworksBuildPhase;
			buildActionMask = 2147483647;
			files = (
			);
			runOnlyForDeploymentPostprocessing = 0;
		};
		46B59CAD2AE6F5C5006FABFA /* Frameworks */ = {
			isa = PBXFrameworksBuildPhase;
			buildActionMask = 2147483647;
			files = (
			);
			runOnlyForDeploymentPostprocessing = 0;
		};
/* End PBXFrameworksBuildPhase section */

/* Begin PBXGroup section */
		46B59C842AE6F5B3006FABFA = {
			isa = PBXGroup;
			children = (
				46B59C8F2AE6F5B3006FABFA /* ThirdProject */,
				46B59CA92AE6F5C4006FABFA /* ThirdProjectTests */,
				46B59CB32AE6F5C5006FABFA /* ThirdProjectUITests */,
				46B59C8E2AE6F5B3006FABFA /* Products */,
			);
			sourceTree = "<group>";
		};
		46B59C8E2AE6F5B3006FABFA /* Products */ = {
			isa = PBXGroup;
			children = (
				46B59C8D2AE6F5B3006FABFA /* ThirdProject.app */,
				46B59CA62AE6F5C4006FABFA /* ThirdProjectTests.xctest */,
				46B59CB02AE6F5C5006FABFA /* ThirdProjectUITests.xctest */,
			);
			name = Products;
			sourceTree = "<group>";
		};
		46B59C8F2AE6F5B3006FABFA /* ThirdProject */ = {
			isa = PBXGroup;
			children = (
				46B59C902AE6F5B4006FABFA /* AppDelegate.swift */,
				46B59C922AE6F5B4006FABFA /* SceneDelegate.swift */,
				46B59C942AE6F5B4006FABFA /* ViewController.swift */,
				46B59C962AE6F5B4006FABFA /* Main.storyboard */,
				46B59C9C2AE6F5BF006FABFA /* Assets.xcassets */,
				46B59C9E2AE6F5BF006FABFA /* LaunchScreen.storyboard */,
				46B59CA12AE6F5BF006FABFA /* Info.plist */,
				46B59C992AE6F5B4006FABFA /* ThirdProject.xcdatamodeld */,
			);
			path = ThirdProject;
			sourceTree = "<group>";
		};
		46B59CA92AE6F5C4006FABFA /* ThirdProjectTests */ = {
			isa = PBXGroup;
			children = (
				46B59CAA2AE6F5C4006FABFA /* ThirdProjectTests.swift */,
			);
			path = ThirdProjectTests;
			sourceTree = "<group>";
		};
		46B59CB32AE6F5C5006FABFA /* ThirdProjectUITests */ = {
			isa = PBXGroup;
			children = (
				46B59CB42AE6F5C5006FABFA /* ThirdProjectUITests.swift */,
				46B59CB62AE6F5C5006FABFA /* ThirdProjectUITestsLaunchTests.swift */,
			);
			path = ThirdProjectUITests;
			sourceTree = "<group>";
		};
/* End PBXGroup section */

/* Begin PBXNativeTarget section */
		46B59C8C2AE6F5B3006FABFA /* ThirdProject */ = {
			isa = PBXNativeTarget;
			buildConfigurationList = 46B59CBA2AE6F5C5006FABFA /* Build configuration list for PBXNativeTarget "ThirdProject" */;
			buildPhases = (
				46B59C892AE6F5B3006FABFA /* Sources */,
				46B59C8A2AE6F5B3006FABFA /* Frameworks */,
				46B59C8B2AE6F5B3006FABFA /* Resources */,
			);
			buildRules = (
			);
			dependencies = (
			);
			name = ThirdProject;
			productName = ThirdProject;
			productReference = 46B59C8D2AE6F5B3006FABFA /* ThirdProject.app */;
			productType = "com.apple.product-type.application";
		};
		46B59CA52AE6F5C4006FABFA /* ThirdProjectTests */ = {
			isa = PBXNativeTarget;
			buildConfigurationList = 46B59CBD2AE6F5C5006FABFA /* Build configuration list for PBXNativeTarget "ThirdProjectTests" */;
			buildPhases = (
				46B59CA22AE6F5C4006FABFA /* Sources */,
				46B59CA32AE6F5C4006FABFA /* Frameworks */,
				46B59CA42AE6F5C4006FABFA /* Resources */,
			);
			buildRules = (
			);
			dependencies = (
				46B59CA82AE6F5C4006FABFA /* PBXTargetDependency */,
			);
			name = ThirdProjectTests;
			productName = ThirdProjectTests;
			productReference = 46B59CA62AE6F5C4006FABFA /* ThirdProjectTests.xctest */;
			productType = "com.apple.product-type.bundle.unit-test";
		};
		46B59CAF2AE6F5C5006FABFA /* ThirdProjectUITests */ = {
			isa = PBXNativeTarget;
			buildConfigurationList = 46B59CC02AE6F5C5006FABFA /* Build configuration list for PBXNativeTarget "ThirdProjectUITests" */;
			buildPhases = (
				46B59CAC2AE6F5C5006FABFA /* Sources */,
				46B59CAD2AE6F5C5006FABFA /* Frameworks */,
				46B59CAE2AE6F5C5006FABFA /* Resources */,
			);
			buildRules = (
			);
			dependencies = (
				46B59CB22AE6F5C5006FABFA /* PBXTargetDependency */,
			);
			name = ThirdProjectUITests;
			productName = ThirdProjectUITests;
			productReference = 46B59CB02AE6F5C5006FABFA /* ThirdProjectUITests.xctest */;
			productType = "com.apple.product-type.bundle.ui-testing";
		};
/* End PBXNativeTarget section */

/* Begin PBXProject section */
		46B59C852AE6F5B3006FABFA /* Project object */ = {
			isa = PBXProject;
			attributes = {
				BuildIndependentTargetsInParallel = 1;
				LastSwiftUpdateCheck = 1400;
				LastUpgradeCheck = 1400;
				TargetAttributes = {
					46B59C8C2AE6F5B3006FABFA = {
						CreatedOnToolsVersion = 14.0;
					};
					46B59CA52AE6F5C4006FABFA = {
						CreatedOnToolsVersion = 14.0;
						TestTargetID = 46B59C8C2AE6F5B3006FABFA;
					};
					46B59CAF2AE6F5C5006FABFA = {
						CreatedOnToolsVersion = 14.0;
						TestTargetID = 46B59C8C2AE6F5B3006FABFA;
					};
				};
			};
			buildConfigurationList = 46B59C882AE6F5B3006FABFA /* Build configuration list for PBXProject "ThirdProject" */;
			compatibilityVersion = "Xcode 14.0";
			developmentRegion = en;
			hasScannedForEncodings = 0;
			knownRegions = (
				en,
				Base,
			);
			mainGroup = 46B59C842AE6F5B3006FABFA;
			productRefGroup = 46B59C8E2AE6F5B3006FABFA /* Products */;
			projectDirPath = "";
			projectRoot = "";
			targets = (
				46B59C8C2AE6F5B3006FABFA /* ThirdProject */,
				46B59CA52AE6F5C4006FABFA /* ThirdProjectTests */,
				46B59CAF2AE6F5C5006FABFA /* ThirdProjectUITests */,
			);
		};
/* End PBXProject section */

/* Begin PBXResourcesBuildPhase section */
		46B59C8B2AE6F5B3006FABFA /* Resources */ = {
			isa = PBXResourcesBuildPhase;
			buildActionMask = 2147483647;
			files = (
				46B59CA02AE6F5BF006FABFA /* LaunchScreen.storyboard in Resources */,
				46B59C9D2AE6F5BF006FABFA /* Assets.xcassets in Resources */,
				46B59C982AE6F5B4006FABFA /* Main.storyboard in Resources */,
			);
			runOnlyForDeploymentPostprocessing = 0;
		};
		46B59CA42AE6F5C4006FABFA /* Resources */ = {
			isa = PBXResourcesBuildPhase;
			buildActionMask = 2147483647;
			files = (
			);
			runOnlyForDeploymentPostprocessing = 0;
		};
		46B59CAE2AE6F5C5006FABFA /* Resources */ = {
			isa = PBXResourcesBuildPhase;
			buildActionMask = 2147483647;
			files = (
			);
			runOnlyForDeploymentPostprocessing = 0;
		};
/* End PBXResourcesBuildPhase section */

/* Begin PBXSourcesBuildPhase section */
		46B59C892AE6F5B3006FABFA /* Sources */ = {
			isa = PBXSourcesBuildPhase;
			buildActionMask = 2147483647;
			files = (
				46B59C952AE6F5B4006FABFA /* ViewController.swift in Sources */,
				46B59C912AE6F5B4006FABFA /* AppDelegate.swift in Sources */,
				46B59C932AE6F5B4006FABFA /* SceneDelegate.swift in Sources */,
				46B59C9B2AE6F5B4006FABFA /* ThirdProject.xcdatamodeld in Sources */,
			);
			runOnlyForDeploymentPostprocessing = 0;
		};
		46B59CA22AE6F5C4006FABFA /* Sources */ = {
			isa = PBXSourcesBuildPhase;
			buildActionMask = 2147483647;
			files = (
				46B59CAB2AE6F5C4006FABFA /* ThirdProjectTests.swift in Sources */,
			);
			runOnlyForDeploymentPostprocessing = 0;
		};
		46B59CAC2AE6F5C5006FABFA /* Sources */ = {
			isa = PBXSourcesBuildPhase;
			buildActionMask = 2147483647;
			files = (
				46B59CB72AE6F5C5006FABFA /* ThirdProjectUITestsLaunchTests.swift in Sources */,
				46B59CB52AE6F5C5006FABFA /* ThirdProjectUITests.swift in Sources */,
			);
			runOnlyForDeploymentPostprocessing = 0;
		};
/* End PBXSourcesBuildPhase section */

/* Begin PBXTargetDependency section */
		46B59CA82AE6F5C4006FABFA /* PBXTargetDependency */ = {
			isa = PBXTargetDependency;
			target = 46B59C8C2AE6F5B3006FABFA /* ThirdProject */;
			targetProxy = 46B59CA72AE6F5C4006FABFA /* PBXContainerItemProxy */;
		};
		46B59CB22AE6F5C5006FABFA /* PBXTargetDependency */ = {
			isa = PBXTargetDependency;
			target = 46B59C8C2AE6F5B3006FABFA /* ThirdProject */;
			targetProxy = 46B59CB12AE6F5C5006FABFA /* PBXContainerItemProxy */;
		};
/* End PBXTargetDependency section */

/* Begin PBXVariantGroup section */
		46B59C962AE6F5B4006FABFA /* Main.storyboard */ = {
			isa = PBXVariantGroup;
			children = (
				46B59C972AE6F5B4006FABFA /* Base */,
			);
			name = Main.storyboard;
			sourceTree = "<group>";
		};
		46B59C9E2AE6F5BF006FABFA /* LaunchScreen.storyboard */ = {
			isa = PBXVariantGroup;
			children = (
				46B59C9F2AE6F5BF006FABFA /* Base */,
			);
			name = LaunchScreen.storyboard;
			sourceTree = "<group>";
		};
/* End PBXVariantGroup section */

/* Begin XCBuildConfiguration section */
		46B59CB82AE6F5C5006FABFA /* Debug */ = {
			isa = XCBuildConfiguration;
			buildSettings = {
				ALWAYS_SEARCH_USER_PATHS = NO;
				CLANG_ANALYZER_NONNULL = YES;
				CLANG_ANALYZER_NUMBER_OBJECT_CONVERSION = YES_AGGRESSIVE;
				CLANG_CXX_LANGUAGE_STANDARD = "gnu++20";
				CLANG_ENABLE_MODULES = YES;
				CLANG_ENABLE_OBJC_ARC = YES;
				CLANG_ENABLE_OBJC_WEAK = YES;
				CLANG_WARN_BLOCK_CAPTURE_AUTORELEASING = YES;
				CLANG_WARN_BOOL_CONVERSION = YES;
				CLANG_WARN_COMMA = YES;
				CLANG_WARN_CONSTANT_CONVERSION = YES;
				CLANG_WARN_DEPRECATED_OBJC_IMPLEMENTATIONS = YES;
				CLANG_WARN_DIRECT_OBJC_ISA_USAGE = YES_ERROR;
				CLANG_WARN_DOCUMENTATION_COMMENTS = YES;
				CLANG_WARN_EMPTY_BODY = YES;
				CLANG_WARN_ENUM_CONVERSION = YES;
				CLANG_WARN_INFINITE_RECURSION = YES;
				CLANG_WARN_INT_CONVERSION = YES;
				CLANG_WARN_NON_LITERAL_NULL_CONVERSION = YES;
				CLANG_WARN_OBJC_IMPLICIT_RETAIN_SELF = YES;
				CLANG_WARN_OBJC_LITERAL_CONVERSION = YES;
				CLANG_WARN_OBJC_ROOT_CLASS = YES_ERROR;
				CLANG_WARN_QUOTED_INCLUDE_IN_FRAMEWORK_HEADER = YES;
				CLANG_WARN_RANGE_LOOP_ANALYSIS = YES;
				CLANG_WARN_STRICT_PROTOTYPES = YES;
				CLANG_WARN_SUSPICIOUS_MOVE = YES;
				CLANG_WARN_UNGUARDED_AVAILABILITY = YES_AGGRESSIVE;
				CLANG_WARN_UNREACHABLE_CODE = YES;
				CLANG_WARN__DUPLICATE_METHOD_MATCH = YES;
				COPY_PHASE_STRIP = NO;
				DEBUG_INFORMATION_FORMAT = dwarf;
				ENABLE_STRICT_OBJC_MSGSEND = YES;
				ENABLE_TESTABILITY = YES;
				GCC_C_LANGUAGE_STANDARD = gnu11;
				GCC_DYNAMIC_NO_PIC = NO;
				GCC_NO_COMMON_BLOCKS = YES;
				GCC_OPTIMIZATION_LEVEL = 0;
				GCC_PREPROCESSOR_DEFINITIONS = (
					"DEBUG=1",
					"$(inherited)",
				);
				GCC_WARN_64_TO_32_BIT_CONVERSION = YES;
				GCC_WARN_ABOUT_RETURN_TYPE = YES_ERROR;
				GCC_WARN_UNDECLARED_SELECTOR = YES;
				GCC_WARN_UNINITIALIZED_AUTOS = YES_AGGRESSIVE;
				GCC_WARN_UNUSED_FUNCTION = YES;
				GCC_WARN_UNUSED_VARIABLE = YES;
				IPHONEOS_DEPLOYMENT_TARGET = 16.0;
				MTL_ENABLE_DEBUG_INFO = INCLUDE_SOURCE;
				MTL_FAST_MATH = YES;
				ONLY_ACTIVE_ARCH = YES;
				SDKROOT = iphoneos;
				SWIFT_ACTIVE_COMPILATION_CONDITIONS = DEBUG;
				SWIFT_OPTIMIZATION_LEVEL = "-Onone";
			};
			name = Debug;
		};
		46B59CB92AE6F5C5006FABFA /* Release */ = {
			isa = XCBuildConfiguration;
			buildSettings = {
				ALWAYS_SEARCH_USER_PATHS = NO;
				CLANG_ANALYZER_NONNULL = YES;
				CLANG_ANALYZER_NUMBER_OBJECT_CONVERSION = YES_AGGRESSIVE;
				CLANG_CXX_LANGUAGE_STANDARD = "gnu++20";
				CLANG_ENABLE_MODULES = YES;
				CLANG_ENABLE_OBJC_ARC = YES;
				CLANG_ENABLE_OBJC_WEAK = YES;
				CLANG_WARN_BLOCK_CAPTURE_AUTORELEASING = YES;
				CLANG_WARN_BOOL_CONVERSION = YES;
				CLANG_WARN_COMMA = YES;
				CLANG_WARN_CONSTANT_CONVERSION = YES;
				CLANG_WARN_DEPRECATED_OBJC_IMPLEMENTATIONS = YES;
				CLANG_WARN_DIRECT_OBJC_ISA_USAGE = YES_ERROR;
				CLANG_WARN_DOCUMENTATION_COMMENTS = YES;
				CLANG_WARN_EMPTY_BODY = YES;
				CLANG_WARN_ENUM_CONVERSION = YES;
				CLANG_WARN_INFINITE_RECURSION = YES;
				CLANG_WARN_INT_CONVERSION = YES;
				CLANG_WARN_NON_LITERAL_NULL_CONVERSION = YES;
				CLANG_WARN_OBJC_IMPLICIT_RETAIN_SELF = YES;
				CLANG_WARN_OBJC_LITERAL_CONVERSION = YES;
				CLANG_WARN_OBJC_ROOT_CLASS = YES_ERROR;
				CLANG_WARN_QUOTED_INCLUDE_IN_FRAMEWORK_HEADER = YES;
				CLANG_WARN_RANGE_LOOP_ANALYSIS = YES;
				CLANG_WARN_STRICT_PROTOTYPES = YES;
				CLANG_WARN_SUSPICIOUS_MOVE = YES;
				CLANG_WARN_UNGUARDED_AVAILABILITY = YES_AGGRESSIVE;
				CLANG_WARN_UNREACHABLE_CODE = YES;
				CLANG_WARN__DUPLICATE_METHOD_MATCH = YES;
				COPY_PHASE_STRIP = NO;
				DEBUG_INFORMATION_FORMAT = "dwarf-with-dsym";
				ENABLE_NS_ASSERTIONS = NO;
				ENABLE_STRICT_OBJC_MSGSEND = YES;
				GCC_C_LANGUAGE_STANDARD = gnu11;
				GCC_NO_COMMON_BLOCKS = YES;
				GCC_WARN_64_TO_32_BIT_CONVERSION = YES;
				GCC_WARN_ABOUT_RETURN_TYPE = YES_ERROR;
				GCC_WARN_UNDECLARED_SELECTOR = YES;
				GCC_WARN_UNINITIALIZED_AUTOS = YES_AGGRESSIVE;
				GCC_WARN_UNUSED_FUNCTION = YES;
				GCC_WARN_UNUSED_VARIABLE = YES;
				IPHONEOS_DEPLOYMENT_TARGET = 16.0;
				MTL_ENABLE_DEBUG_INFO = NO;
				MTL_FAST_MATH = YES;
				SDKROOT = iphoneos;
				SWIFT_COMPILATION_MODE = wholemodule;
				SWIFT_OPTIMIZATION_LEVEL = "-O";
				VALIDATE_PRODUCT = YES;
			};
			name = Release;
		};
		46B59CBB2AE6F5C5006FABFA /* Debug */ = {
			isa = XCBuildConfiguration;
			buildSettings = {
				ASSETCATALOG_COMPILER_APPICON_NAME = AppIcon;
				ASSETCATALOG_COMPILER_GLOBAL_ACCENT_COLOR_NAME = AccentColor;
				CODE_SIGN_STYLE = Automatic;
				CURRENT_PROJECT_VERSION = 1;
				GENERATE_INFOPLIST_FILE = YES;
				INFOPLIST_FILE = ThirdProject/Info.plist;
				INFOPLIST_KEY_UIApplicationSupportsIndirectInputEvents = YES;
				INFOPLIST_KEY_UILaunchStoryboardName = LaunchScreen;
				INFOPLIST_KEY_UIMainStoryboardFile = Main;
				INFOPLIST_KEY_UISupportedInterfaceOrientations_iPad = "UIInterfaceOrientationPortrait UIInterfaceOrientationPortraitUpsideDown UIInterfaceOrientationLandscapeLeft UIInterfaceOrientationLandscapeRight";
				INFOPLIST_KEY_UISupportedInterfaceOrientations_iPhone = "UIInterfaceOrientationPortrait UIInterfaceOrientationLandscapeLeft UIInterfaceOrientationLandscapeRight";
				LD_RUNPATH_SEARCH_PATHS = (
					"$(inherited)",
					"@executable_path/Frameworks",
				);
				MARKETING_VERSION = 1.0;
				PRODUCT_BUNDLE_IDENTIFIER = com.example.ThirdProject;
				PRODUCT_NAME = "$(TARGET_NAME)";
				SWIFT_EMIT_LOC_STRINGS = YES;
				SWIFT_VERSION = 5.0;
				TARGETED_DEVICE_FAMILY = "1,2";
			};
			name = Debug;
		};
		46B59CBC2AE6F5C5006FABFA /* Release */ = {
			isa = XCBuildConfiguration;
			buildSettings = {
				ASSETCATALOG_COMPILER_APPICON_NAME = AppIcon;
				ASSETCATALOG_COMPILER_GLOBAL_ACCENT_COLOR_NAME = AccentColor;
				CODE_SIGN_STYLE = Automatic;
				CURRENT_PROJECT_VERSION = 1;
				GENERATE_INFOPLIST_FILE = YES;
				INFOPLIST_FILE = ThirdProject/Info.plist;
				INFOPLIST_KEY_UIApplicationSupportsIndirectInputEvents = YES;
				INFOPLIST_KEY_UILaunchStoryboardName = LaunchScreen;
				INFOPLIST_KEY_UIMainStoryboardFile = Main;
				INFOPLIST_KEY_UISupportedInterfaceOrientations_iPad = "UIInterfaceOrientationPortrait UIInterfaceOrientationPortraitUpsideDown UIInterfaceOrientationLandscapeLeft UIInterfaceOrientationLandscapeRight";
				INFOPLIST_KEY_UISupportedInterfaceOrientations_iPhone = "UIInterfaceOrientationPortrait UIInterfaceOrientationLandscapeLeft UIInterfaceOrientationLandscapeRight";
				LD_RUNPATH_SEARCH_PATHS = (
					"$(inherited)",
					"@executable_path/Frameworks",
				);
				MARKETING_VERSION = 1.0;
				PRODUCT_BUNDLE_IDENTIFIER = com.example.ThirdProject;
				PRODUCT_NAME = "$(TARGET_NAME)";
				SWIFT_EMIT_LOC_STRINGS = YES;
				SWIFT_VERSION = 5.0;
				TARGETED_DEVICE_FAMILY = "1,2";
			};
			name = Release;
		};
		46B59CBE2AE6F5C5006FABFA /* Debug */ = {
			isa = XCBuildConfiguration;
			buildSettings = {
				ALWAYS_EMBED_SWIFT_STANDARD_LIBRARIES = YES;
				BUNDLE_LOADER = "$(TEST_HOST)";
				CODE_SIGN_STYLE = Automatic;
				CURRENT_PROJECT_VERSION = 1;
				GENERATE_INFOPLIST_FILE = YES;
				IPHONEOS_DEPLOYMENT_TARGET = 16.0;
				MARKETING_VERSION = 1.0;
				PRODUCT_BUNDLE_IDENTIFIER = com.example.ThirdProjectTests;
				PRODUCT_NAME = "$(TARGET_NAME)";
				SWIFT_EMIT_LOC_STRINGS = NO;
				SWIFT_VERSION = 5.0;
				TARGETED_DEVICE_FAMILY = "1,2";
				TEST_HOST = "$(BUILT_PRODUCTS_DIR)/ThirdProject.app/$(BUNDLE_EXECUTABLE_FOLDER_PATH)/ThirdProject";
			};
			name = Debug;
		};
		46B59CBF2AE6F5C5006FABFA /* Release */ = {
			isa = XCBuildConfiguration;
			buildSettings = {
				ALWAYS_EMBED_SWIFT_STANDARD_LIBRARIES = YES;
				BUNDLE_LOADER = "$(TEST_HOST)";
				CODE_SIGN_STYLE = Automatic;
				CURRENT_PROJECT_VERSION = 1;
				GENERATE_INFOPLIST_FILE = YES;
				IPHONEOS_DEPLOYMENT_TARGET = 16.0;
				MARKETING_VERSION = 1.0;
				PRODUCT_BUNDLE_IDENTIFIER = com.example.ThirdProjectTests;
				PRODUCT_NAME = "$(TARGET_NAME)";
				SWIFT_EMIT_LOC_STRINGS = NO;
				SWIFT_VERSION = 5.0;
				TARGETED_DEVICE_FAMILY = "1,2";
				TEST_HOST = "$(BUILT_PRODUCTS_DIR)/ThirdProject.app/$(BUNDLE_EXECUTABLE_FOLDER_PATH)/ThirdProject";
			};
			name = Release;
		};
		46B59CC12AE6F5C5006FABFA /* Debug */ = {
			isa = XCBuildConfiguration;
			buildSettings = {
				ALWAYS_EMBED_SWIFT_STANDARD_LIBRARIES = YES;
				CODE_SIGN_STYLE = Automatic;
				CURRENT_PROJECT_VERSION = 1;
				GENERATE_INFOPLIST_FILE = YES;
				MARKETING_VERSION = 1.0;
				PRODUCT_BUNDLE_IDENTIFIER = com.example.ThirdProjectUITests;
				PRODUCT_NAME = "$(TARGET_NAME)";
				SWIFT_EMIT_LOC_STRINGS = NO;
				SWIFT_VERSION = 5.0;
				TARGETED_DEVICE_FAMILY = "1,2";
				TEST_TARGET_NAME = ThirdProject;
			};
			name = Debug;
		};
		46B59CC22AE6F5C5006FABFA /* Release */ = {
			isa = XCBuildConfiguration;
			buildSettings = {
				ALWAYS_EMBED_SWIFT_STANDARD_LIBRARIES = YES;
				CODE_SIGN_STYLE = Automatic;
				CURRENT_PROJECT_VERSION = 1;
				GENERATE_INFOPLIST_FILE = YES;
				MARKETING_VERSION = 1.0;
				PRODUCT_BUNDLE_IDENTIFIER = com.example.ThirdProjectUITests;
				PRODUCT_NAME = "$(TARGET_NAME)";
				SWIFT_EMIT_LOC_STRINGS = NO;
				SWIFT_VERSION = 5.0;
				TARGETED_DEVICE_FAMILY = "1,2";
				TEST_TARGET_NAME = ThirdProject;
			};
			name = Release;
		};
/* End XCBuildConfiguration section */

/* Begin XCConfigurationList section */
		46B59C882AE6F5B3006FABFA /* Build configuration list for PBXProject "ThirdProject" */ = {
			isa = XCConfigurationList;
			buildConfigurations = (
				46B59CB82AE6F5C5006FABFA /* Debug */,
				46B59CB92AE6F5C5006FABFA /* Release */,
			);
			defaultConfigurationIsVisible = 0;
			defaultConfigurationName = Release;
		};
		46B59CBA2AE6F5C5006FABFA /* Build configuration list for PBXNativeTarget "ThirdProject" */ = {
			isa = XCConfigurationList;
			buildConfigurations = (
				46B59CBB2AE6F5C5006FABFA /* Debug */,
				46B59CBC2AE6F5C5006FABFA /* Release */,
			);
			defaultConfigurationIsVisible = 0;
			defaultConfigurationName = Release;
		};
		46B59CBD2AE6F5C5006FABFA /* Build configuration list for PBXNativeTarget "ThirdProjectTests" */ = {
			isa = XCConfigurationList;
			buildConfigurations = (
				46B59CBE2AE6F5C5006FABFA /* Debug */,
				46B59CBF2AE6F5C5006FABFA /* Release */,
			);
			defaultConfigurationIsVisible = 0;
			defaultConfigurationName = Release;
		};
		46B59CC02AE6F5C5006FABFA /* Build configuration list for PBXNativeTarget "ThirdProjectUITests" */ = {
			isa = XCConfigurationList;
			buildConfigurations = (
				46B59CC12AE6F5C5006FABFA /* Debug */,
				46B59CC22AE6F5C5006FABFA /* Release */,
			);
			defaultConfigurationIsVisible = 0;
			defaultConfigurationName = Release;
		};
/* End XCConfigurationList section */

/* Begin XCVersionGroup section */
		46B59C992AE6F5B4006FABFA /* ThirdProject.xcdatamodeld */ = {
			isa = XCVersionGroup;
			children = (
				46B59C9A2AE6F5B4006FABFA /* ThirdProject.xcdatamodel */,
			);
			currentVersion = 46B59C9A2AE6F5B4006FABFA /* ThirdProject.xcdatamodel */;
			path = ThirdProject.xcdatamodeld;
			sourceTree = "<group>";
			versionGroupType = wrapper.xcdatamodel;
		};
/* End XCVersionGroup section */
	};
	rootObject = 46B59C852AE6F5B3006FABFA /* Project object */;
}
